
Microsoft Visual Studio Solution File, Format Version 12.00
Project("{FAE04EC0-301F-11D3-BF4B-00C04F79EFBC}") = "Catalog.API", "Services\Catalog\Catalog.API\Catalog.API.csproj", "{A0124591-2273-4F07-8033-B1A166F25D8D}"
EndProject
Global
	GlobalSection(SolutionConfigurationPlatforms) = preSolution
		Debug|Any CPU = Debug|Any CPU
		Release|Any CPU = Release|Any CPU
	EndGlobalSection
	GlobalSection(ProjectConfigurationPlatforms) = postSolution
		{A0124591-2273-4F07-8033-B1A166F25D8D}.Debug|Any CPU.ActiveCfg = Debug|Any CPU
		{A0124591-2273-4F07-8033-B1A166F25D8D}.Debug|Any CPU.Build.0 = Debug|Any CPU
		{A0124591-2273-4F07-8033-B1A166F25D8D}.Release|Any CPU.ActiveCfg = Release|Any CPU
		{A0124591-2273-4F07-8033-B1A166F25D8D}.Release|Any CPU.Build.0 = Release|Any CPU
	EndGlobalSection
EndGlobal
